
Microsoft Visual Studio Solution File, Format Version 12.00
# Visual Studio Version 17
VisualStudioVersion = 17.11.35327.3
MinimumVisualStudioVersion = 10.0.40219.1
Project("{9A19103F-16F7-4668-BE54-9A1E7A4F7556}") = "MovieAPI", "CinemaReservationAPI\MovieAPI.csproj", "{F3ABC120-3AD4-48DF-AC69-56BDF2ABC2EC}"
EndProject
Project("{9A19103F-16F7-4668-BE54-9A1E7A4F7556}") = "MovieServiceDAL", "MovieServiceDAL\MovieServiceDAL.csproj", "{AA48BE82-1B2F-4584-BD43-1763219EF531}"
EndProject
Project("{9A19103F-16F7-4668-BE54-9A1E7A4F7556}") = "ReservationAPI", "ReservationAPI\ReservationAPI.csproj", "{5EBFAB9F-418D-43DA-9A1B-ACAEEFE7B3E3}"
EndProject
Project("{9A19103F-16F7-4668-BE54-9A1E7A4F7556}") = "ReservationServiceDAL", "ReservationServiceDAL\ReservationServiceDAL.csproj", "{ECF4291F-5968-41B6-A3C0-BAA89CAFBE80}"
EndProject
Project("{9A19103F-16F7-4668-BE54-9A1E7A4F7556}") = "ReservationServiceBLL", "ReservationServiceBLL\ReservationServiceBLL.csproj", "{F4BB9BB4-9A92-4B62-B577-5A5D76139312}"
EndProject
Project("{9A19103F-16F7-4668-BE54-9A1E7A4F7556}") = "APIGateway", "APIGateway\APIGateway.csproj", "{B772F5AE-7D70-451C-AB27-137E6CC33934}"
EndProject
Project("{E53339B2-1760-4266-BCC7-CA923CBCF16C}") = "docker-compose", "docker-compose.dcproj", "{3633E42C-5FD8-499C-99EE-C59A1065F8D9}"
EndProject
Global
	GlobalSection(SolutionConfigurationPlatforms) = preSolution
		Debug|Any CPU = Debug|Any CPU
		Release|Any CPU = Release|Any CPU
	EndGlobalSection
	GlobalSection(ProjectConfigurationPlatforms) = postSolution
		{F3ABC120-3AD4-48DF-AC69-56BDF2ABC2EC}.Debug|Any CPU.ActiveCfg = Debug|Any CPU
		{F3ABC120-3AD4-48DF-AC69-56BDF2ABC2EC}.Debug|Any CPU.Build.0 = Debug|Any CPU
		{F3ABC120-3AD4-48DF-AC69-56BDF2ABC2EC}.Release|Any CPU.ActiveCfg = Release|Any CPU
		{F3ABC120-3AD4-48DF-AC69-56BDF2ABC2EC}.Release|Any CPU.Build.0 = Release|Any CPU
		{AA48BE82-1B2F-4584-BD43-1763219EF531}.Debug|Any CPU.ActiveCfg = Debug|Any CPU
		{AA48BE82-1B2F-4584-BD43-1763219EF531}.Debug|Any CPU.Build.0 = Debug|Any CPU
		{AA48BE82-1B2F-4584-BD43-1763219EF531}.Release|Any CPU.ActiveCfg = Release|Any CPU
		{AA48BE82-1B2F-4584-BD43-1763219EF531}.Release|Any CPU.Build.0 = Release|Any CPU
		{5EBFAB9F-418D-43DA-9A1B-ACAEEFE7B3E3}.Debug|Any CPU.ActiveCfg = Debug|Any CPU
		{5EBFAB9F-418D-43DA-9A1B-ACAEEFE7B3E3}.Debug|Any CPU.Build.0 = Debug|Any CPU
		{5EBFAB9F-418D-43DA-9A1B-ACAEEFE7B3E3}.Release|Any CPU.ActiveCfg = Release|Any CPU
		{5EBFAB9F-418D-43DA-9A1B-ACAEEFE7B3E3}.Release|Any CPU.Build.0 = Release|Any CPU
		{ECF4291F-5968-41B6-A3C0-BAA89CAFBE80}.Debug|Any CPU.ActiveCfg = Debug|Any CPU
		{ECF4291F-5968-41B6-A3C0-BAA89CAFBE80}.Debug|Any CPU.Build.0 = Debug|Any CPU
		{ECF4291F-5968-41B6-A3C0-BAA89CAFBE80}.Release|Any CPU.ActiveCfg = Release|Any CPU
		{ECF4291F-5968-41B6-A3C0-BAA89CAFBE80}.Release|Any CPU.Build.0 = Release|Any CPU
		{F4BB9BB4-9A92-4B62-B577-5A5D76139312}.Debug|Any CPU.ActiveCfg = Debug|Any CPU
		{F4BB9BB4-9A92-4B62-B577-5A5D76139312}.Debug|Any CPU.Build.0 = Debug|Any CPU
		{F4BB9BB4-9A92-4B62-B577-5A5D76139312}.Release|Any CPU.ActiveCfg = Release|Any CPU
		{F4BB9BB4-9A92-4B62-B577-5A5D76139312}.Release|Any CPU.Build.0 = Release|Any CPU
		{B772F5AE-7D70-451C-AB27-137E6CC33934}.Debug|Any CPU.ActiveCfg = Debug|Any CPU
		{B772F5AE-7D70-451C-AB27-137E6CC33934}.Debug|Any CPU.Build.0 = Debug|Any CPU
		{B772F5AE-7D70-451C-AB27-137E6CC33934}.Release|Any CPU.ActiveCfg = Release|Any CPU
		{B772F5AE-7D70-451C-AB27-137E6CC33934}.Release|Any CPU.Build.0 = Release|Any CPU
		{3633E42C-5FD8-499C-99EE-C59A1065F8D9}.Debug|Any CPU.ActiveCfg = Debug|Any CPU
		{3633E42C-5FD8-499C-99EE-C59A1065F8D9}.Debug|Any CPU.Build.0 = Debug|Any CPU
		{3633E42C-5FD8-499C-99EE-C59A1065F8D9}.Release|Any CPU.ActiveCfg = Release|Any CPU
		{3633E42C-5FD8-499C-99EE-C59A1065F8D9}.Release|Any CPU.Build.0 = Release|Any CPU
	EndGlobalSection
	GlobalSection(SolutionProperties) = preSolution
		HideSolutionNode = FALSE
	EndGlobalSection
	GlobalSection(ExtensibilityGlobals) = postSolution
		SolutionGuid = {9C4BC251-017D-49D5-9A0A-31AED0F8AE20}
	EndGlobalSection
EndGlobal
